schema: '2.0'
stages:
  data_ingestion:
    cmd: python src/data/data_ingestion.py
    deps:
    - path: src/data/data_ingestion.py
      hash: md5
      md5: bea45ab5c17181397d73aa690d75c17d
      size: 3836
    params:
      params.yaml:
        data_ingestion.test_size: 0.25
    outs:
    - path: data/raw/test.csv
      hash: md5
      md5: b3f53f996a212e79082162a444cdabd3
      size: 206125
    - path: data/raw/train.csv
      hash: md5
      md5: 40d36c7b86eda967f175fe00144ae8ec
      size: 621848
  data_preprocessing:
    cmd: python src/data/data_preprocessing.py
    deps:
    - path: data/raw/test.csv
      hash: md5
      md5: b3f53f996a212e79082162a444cdabd3
      size: 206125
    - path: data/raw/train.csv
      hash: md5
      md5: 40d36c7b86eda967f175fe00144ae8ec
      size: 621848
    - path: src/data/data_preprocessing.py
      hash: md5
      md5: 83a11f61618d579bcfa192d0aa8e58b0
      size: 4015
    outs:
    - path: data/interim/test_processed.csv
      hash: md5
      md5: c1505a2c551754dbda11f46ad516dbcd
      size: 141258
    - path: data/interim/train_processed.csv
      hash: md5
      md5: 8646de7c18d7808cd7bd046fb747df11
      size: 424952
  feature_engineering:
    cmd: python src/features/feature_engineering.py
    deps:
    - path: data/interim
      hash: md5
      md5: 1a811e02fe8b8cb05ba59864d6423760.dir
      size: 566210
      nfiles: 3
    - path: src/features/feature_engineering.py
      hash: md5
      md5: c1888aef256c204017522c2ce5fd36a0
      size: 3883
    params:
      params.yaml:
        feature_engineering.max_features: 1500
    outs:
    - path: data/processed
      hash: md5
      md5: ee178010cd1d3dc776d21209fc4ffd33.dir
      size: 31165916
      nfiles: 2
    - path: models/vectorizer.pkl
      hash: md5
      md5: 6a7d86aa4abb1a61c150df92e0b7dfd2
      size: 41141
  model_building:
    cmd: python src/model/model_building.py
    deps:
    - path: data/processed
      hash: md5
      md5: ee178010cd1d3dc776d21209fc4ffd33.dir
      size: 31165916
      nfiles: 2
    - path: src/model/model_building.py
      hash: md5
      md5: f5b3e62a3e97b4ed4df535b5662a782d
      size: 2371
    outs:
    - path: models/model.pkl
      hash: md5
      md5: 30e203ca927d62af60460be78aedee5b
      size: 12699
  model_evaluation:
    cmd: python src/model/model_evaluation.py
    deps:
    - path: models/model.pkl
      hash: md5
      md5: 30e203ca927d62af60460be78aedee5b
      size: 12699
    - path: src/model/model_evaluation.py
      hash: md5
      md5: 147b848b4a20b7499a98887be6871ea3
      size: 6168
    outs:
    - path: reports/experiment_info.json
      hash: md5
      md5: 0ff8a9b554385dbcf68038228cf4c022
      size: 140
    - path: reports/metrics.json
      hash: md5
      md5: 8d24c2226c9ea30793104ee6aa9fb54d
      size: 144
  model_registration:
    cmd: python src/model/register_model.py
    deps:
    - path: reports/experiment_info.json
      hash: md5
      md5: 0ff8a9b554385dbcf68038228cf4c022
      size: 140
    - path: src/model/register_model.py
      hash: md5
      md5: 05d8b636a650735bc38fb35044378ad3
      size: 3069
