schema: '2.0'
stages:
  data_ingestion:
    cmd: python src/data/data_ingestion.py
    deps:
    - path: src/data/data_ingestion.py
      hash: md5
      md5: bea45ab5c17181397d73aa690d75c17d
      size: 3836
    params:
      params.yaml:
        data_ingestion.test_size: 0.1
    outs:
    - path: data/raw/test.csv
      hash: md5
      md5: 73173d6f57d3fc32c1e06a32f2f716ee
      size: 81945
    - path: data/raw/train.csv
      hash: md5
      md5: af4444e368bc9e5b041e60a6a4f3d463
      size: 746028
  data_preprocessing:
    cmd: python src/data/data_preprocessing.py
    deps:
    - path: data/raw/test.csv
      hash: md5
      md5: 73173d6f57d3fc32c1e06a32f2f716ee
      size: 81945
    - path: data/raw/train.csv
      hash: md5
      md5: af4444e368bc9e5b041e60a6a4f3d463
      size: 746028
    - path: src/data/data_preprocessing.py
      hash: md5
      md5: 83a11f61618d579bcfa192d0aa8e58b0
      size: 4015
    outs:
    - path: data/interim/test_processed.csv
      hash: md5
      md5: 733dfc3888009383823060f4be8460e3
      size: 56191
    - path: data/interim/train_processed.csv
      hash: md5
      md5: 9af909681b11bbe221e688abc5147e74
      size: 510019
  feature_engineering:
    cmd: python src/features/feature_engineering.py
    deps:
    - path: data/interim
      hash: md5
      md5: 42a0d320e605d4d596d75a8bdb2bcc1f.dir
      size: 566210
      nfiles: 3
    - path: src/features/feature_engineering.py
      hash: md5
      md5: c1888aef256c204017522c2ce5fd36a0
      size: 3883
    params:
      params.yaml:
        feature_engineering.max_features: 200
    outs:
    - path: data/processed
      hash: md5
      md5: f40165a4fff6f5d5de06ba00bef77dbb.dir
      size: 4182116
      nfiles: 2
    - path: models/vectorizer.pkl
      hash: md5
      md5: 45b3831389cf99a6d96532be4a26eb7e
      size: 5825
  model_building:
    cmd: python src/model/model_building.py
    deps:
    - path: data/processed
      hash: md5
      md5: f40165a4fff6f5d5de06ba00bef77dbb.dir
      size: 4182116
      nfiles: 2
    - path: src/model/model_building.py
      hash: md5
      md5: f5b3e62a3e97b4ed4df535b5662a782d
      size: 2371
    outs:
    - path: models/model.pkl
      hash: md5
      md5: 8d2f7061f8186a9e89a008534c60427b
      size: 2297
  model_evaluation:
    cmd: python src/model/model_evaluation.py
    deps:
    - path: models/model.pkl
      hash: md5
      md5: 8d2f7061f8186a9e89a008534c60427b
      size: 2297
    - path: src/model/model_evaluation.py
      hash: md5
      md5: 9c67bb1694414d15250ddde7e1fdf64c
      size: 6035
    outs:
    - path: reports/experiment_info.json
      hash: md5
      md5: 3ef76f10d1053d605f0081ff1d42a105
      size: 140
    - path: reports/metrics.json
      hash: md5
      md5: 4aff1939a03b2f747dc8b05eea1c738d
      size: 145
  model_registration:
    cmd: python src/model/register_model.py
    deps:
    - path: reports/experiment_info.json
      hash: md5
      md5: 3ef76f10d1053d605f0081ff1d42a105
      size: 140
    - path: src/model/register_model.py
      hash: md5
      md5: ab4aaae359fffe3fbad1631aff240cf1
      size: 3219
