schema: '2.0'
stages:
  data_ingestion:
    cmd: python src/data/data_ingestion.py
    deps:
    - path: src/data/data_ingestion.py
      hash: md5
      md5: ee08a4c31ae467cebbcce70b5cc5491a
      size: 3545
    params:
      params.yaml:
        data_ingestion.test_size: 0.2
    outs:
    - path: data/raw/test.csv
      hash: md5
      md5: 35b06980c6e00772e6bf783ae10ab9b7
      size: 164174
    - path: data/raw/train.csv
      hash: md5
      md5: a2aa88dfae8af3dc60e6e24a09304f4e
      size: 663799
  data_preprocessing:
    cmd: python src/data/data_preprocessing.py
    deps:
    - path: data/raw/test.csv
      hash: md5
      md5: 35b06980c6e00772e6bf783ae10ab9b7
      size: 164174
    - path: data/raw/train.csv
      hash: md5
      md5: a2aa88dfae8af3dc60e6e24a09304f4e
      size: 663799
    - path: src/data/data_preprocessing.py
      hash: md5
      md5: c1e18bf95fcc1e3d80cae9ee7c4a6383
      size: 4014
    outs:
    - path: data/interim/test_processed.csv
      hash: md5
      md5: 870497ce96052cddf73c1a13036432ef
      size: 112656
    - path: data/interim/train_processed.csv
      hash: md5
      md5: 637f3709b44460480d998aff20ae7a5e
      size: 453554
  feature_engineering:
    cmd: python src/features/feature_engineering.py
    deps:
    - path: data/interim
      hash: md5
      md5: ebba2f76d822f02f56df1bd4f4a97a61.dir
      size: 566210
      nfiles: 3
    - path: src/features/feature_engineering.py
      hash: md5
      md5: c1888aef256c204017522c2ce5fd36a0
      size: 3883
    params:
      params.yaml:
        feature_engineering.max_features: 2000
    outs:
    - path: data/processed
      hash: md5
      md5: 49011bf60e0731f992d43424ddb685a9.dir
      size: 41544916
      nfiles: 2
    - path: models/vectorizer.pkl
      hash: md5
      md5: b3d7ae875b18473f4a95eae2e7ca97a5
      size: 54981
  model_building:
    cmd: python src/model/model_building.py
    deps:
    - path: data/processed
      hash: md5
      md5: 49011bf60e0731f992d43424ddb685a9.dir
      size: 41544916
      nfiles: 2
    - path: src/model/model_building.py
      hash: md5
      md5: 809681a98d52938b43c9befd0b00a422
      size: 2373
    outs:
    - path: models/model.pkl
      hash: md5
      md5: 5809f3135d4667cae466cc2df3938b44
      size: 16698
  model_evaluation:
    cmd: python src/model/model_evaluation.py
    deps:
    - path: models/model.pkl
      hash: md5
      md5: 5809f3135d4667cae466cc2df3938b44
      size: 16698
    - path: src/model/model_evaluation.py
      hash: md5
      md5: ef2d7720e87540ae79abfe4400754099
      size: 5667
    outs:
    - path: reports/experiment_info.json
      hash: md5
      md5: f3c400fab304f86da9ef29d36da9f5bb
      size: 82
    - path: reports/metrics.json
      hash: md5
      md5: 4ef4e02f35c23e712123b8eac12861e5
      size: 145
  model_registration:
    cmd: python src/model/register_model.py
    deps:
    - path: reports/experiment_info.json
      hash: md5
      md5: f3c400fab304f86da9ef29d36da9f5bb
      size: 82
    - path: src/model/register_model.py
      hash: md5
      md5: cb6f87e81a4e11710b70ac9e78fc9aaa
      size: 3078
